// !$*UTF8*$!
{
	archiveVersion = 1;
	classes = {
	};
	objectVersion = 50;
	objects = {

/* Begin PBXBuildFile section */
		347EA29FBBE087195D0ED997 /* Pods_doubanExample.framework in Frameworks */ = {isa = PBXBuildFile; fileRef = 3E710E6E96C4B19A8A00BE96 /* Pods_doubanExample.framework */; };
		35F29B4AD93D5D23DF7A60D4 /* Pods_doubanExampleTests.framework in Frameworks */ = {isa = PBXBuildFile; fileRef = 33358CDB3C65D7A8ED7AAD6F /* Pods_doubanExampleTests.framework */; };
		6D1E625D2192C8A6006F468A /* AppDelegate.swift in Sources */ = {isa = PBXBuildFile; fileRef = 6D1E625C2192C8A6006F468A /* AppDelegate.swift */; };
		6D1E625F2192C8A6006F468A /* ViewController.swift in Sources */ = {isa = PBXBuildFile; fileRef = 6D1E625E2192C8A6006F468A /* ViewController.swift */; };
		6D1E62622192C8A6006F468A /* Main.storyboard in Resources */ = {isa = PBXBuildFile; fileRef = 6D1E62602192C8A6006F468A /* Main.storyboard */; };
		6D1E62642192C8A8006F468A /* Assets.xcassets in Resources */ = {isa = PBXBuildFile; fileRef = 6D1E62632192C8A8006F468A /* Assets.xcassets */; };
		6D1E62672192C8A8006F468A /* LaunchScreen.storyboard in Resources */ = {isa = PBXBuildFile; fileRef = 6D1E62652192C8A8006F468A /* LaunchScreen.storyboard */; };
		6D1E627D2192D89D006F468A /* FetchBookService.swift in Sources */ = {isa = PBXBuildFile; fileRef = 6D1E627C2192D89D006F468A /* FetchBookService.swift */; };
		6D6BEE4F21942C4000D31022 /* ViewControllerSpec.swift in Sources */ = {isa = PBXBuildFile; fileRef = 6D6BEE4E21942C4000D31022 /* ViewControllerSpec.swift */; };
/* End PBXBuildFile section */

/* Begin PBXContainerItemProxy section */
		6D1E626E2192C8A8006F468A /* PBXContainerItemProxy */ = {
			isa = PBXContainerItemProxy;
			containerPortal = 6D1E62512192C8A6006F468A /* Project object */;
			proxyType = 1;
			remoteGlobalIDString = 6D1E62582192C8A6006F468A;
			remoteInfo = doubanExample;
		};
/* End PBXContainerItemProxy section */

/* Begin PBXFileReference section */
		33358CDB3C65D7A8ED7AAD6F /* Pods_doubanExampleTests.framework */ = {isa = PBXFileReference; explicitFileType = wrapper.framework; includeInIndex = 0; path = Pods_doubanExampleTests.framework; sourceTree = BUILT_PRODUCTS_DIR; };
		37AF3847DD4D394130DDE93E /* Pods-doubanExample.debug.xcconfig */ = {isa = PBXFileReference; includeInIndex = 1; lastKnownFileType = text.xcconfig; name = "Pods-doubanExample.debug.xcconfig"; path = "Pods/Target Support Files/Pods-doubanExample/Pods-doubanExample.debug.xcconfig"; sourceTree = "<group>"; };
		3E710E6E96C4B19A8A00BE96 /* Pods_doubanExample.framework */ = {isa = PBXFileReference; explicitFileType = wrapper.framework; includeInIndex = 0; path = Pods_doubanExample.framework; sourceTree = BUILT_PRODUCTS_DIR; };
		56504523DCED0CC7B8576E44 /* Pods-doubanExampleTests.release.xcconfig */ = {isa = PBXFileReference; includeInIndex = 1; lastKnownFileType = text.xcconfig; name = "Pods-doubanExampleTests.release.xcconfig"; path = "Pods/Target Support Files/Pods-doubanExampleTests/Pods-doubanExampleTests.release.xcconfig"; sourceTree = "<group>"; };
		6D1E62592192C8A6006F468A /* doubanExample.app */ = {isa = PBXFileReference; explicitFileType = wrapper.application; includeInIndex = 0; path = doubanExample.app; sourceTree = BUILT_PRODUCTS_DIR; };
		6D1E625C2192C8A6006F468A /* AppDelegate.swift */ = {isa = PBXFileReference; lastKnownFileType = sourcecode.swift; path = AppDelegate.swift; sourceTree = "<group>"; };
		6D1E625E2192C8A6006F468A /* ViewController.swift */ = {isa = PBXFileReference; lastKnownFileType = sourcecode.swift; path = ViewController.swift; sourceTree = "<group>"; };
		6D1E62612192C8A6006F468A /* Base */ = {isa = PBXFileReference; lastKnownFileType = file.storyboard; name = Base; path = Base.lproj/Main.storyboard; sourceTree = "<group>"; };
		6D1E62632192C8A8006F468A /* Assets.xcassets */ = {isa = PBXFileReference; lastKnownFileType = folder.assetcatalog; path = Assets.xcassets; sourceTree = "<group>"; };
		6D1E62662192C8A8006F468A /* Base */ = {isa = PBXFileReference; lastKnownFileType = file.storyboard; name = Base; path = Base.lproj/LaunchScreen.storyboard; sourceTree = "<group>"; };
		6D1E62682192C8A8006F468A /* Info.plist */ = {isa = PBXFileReference; lastKnownFileType = text.plist.xml; path = Info.plist; sourceTree = "<group>"; };
		6D1E626D2192C8A8006F468A /* doubanExampleTests.xctest */ = {isa = PBXFileReference; explicitFileType = wrapper.cfbundle; includeInIndex = 0; path = doubanExampleTests.xctest; sourceTree = BUILT_PRODUCTS_DIR; };
		6D1E62732192C8A8006F468A /* Info.plist */ = {isa = PBXFileReference; lastKnownFileType = text.plist.xml; path = Info.plist; sourceTree = "<group>"; };
		6D1E627C2192D89D006F468A /* FetchBookService.swift */ = {isa = PBXFileReference; lastKnownFileType = sourcecode.swift; path = FetchBookService.swift; sourceTree = "<group>"; };
		6D6BEE4E21942C4000D31022 /* ViewControllerSpec.swift */ = {isa = PBXFileReference; lastKnownFileType = sourcecode.swift; path = ViewControllerSpec.swift; sourceTree = "<group>"; };
		6DB9DAD294A14EC7CC7CFC87 /* Pods-doubanExample.release.xcconfig */ = {isa = PBXFileReference; includeInIndex = 1; lastKnownFileType = text.xcconfig; name = "Pods-doubanExample.release.xcconfig"; path = "Pods/Target Support Files/Pods-doubanExample/Pods-doubanExample.release.xcconfig"; sourceTree = "<group>"; };
		8BC6F86C58BA236B6C23C9E9 /* Pods-doubanExampleTests.debug.xcconfig */ = {isa = PBXFileReference; includeInIndex = 1; lastKnownFileType = text.xcconfig; name = "Pods-doubanExampleTests.debug.xcconfig"; path = "Pods/Target Support Files/Pods-doubanExampleTests/Pods-doubanExampleTests.debug.xcconfig"; sourceTree = "<group>"; };
/* End PBXFileReference section */

/* Begin PBXFrameworksBuildPhase section */
		6D1E62562192C8A6006F468A /* Frameworks */ = {
			isa = PBXFrameworksBuildPhase;
			buildActionMask = 2147483647;
			files = (
				347EA29FBBE087195D0ED997 /* Pods_doubanExample.framework in Frameworks */,
			);
			runOnlyForDeploymentPostprocessing = 0;
		};
		6D1E626A2192C8A8006F468A /* Frameworks */ = {
			isa = PBXFrameworksBuildPhase;
			buildActionMask = 2147483647;
			files = (
				35F29B4AD93D5D23DF7A60D4 /* Pods_doubanExampleTests.framework in Frameworks */,
			);
			runOnlyForDeploymentPostprocessing = 0;
		};
/* End PBXFrameworksBuildPhase section */

/* Begin PBXGroup section */
		4E4F83AF07A0451DE1A508E3 /* Frameworks */ = {
			isa = PBXGroup;
			children = (
				3E710E6E96C4B19A8A00BE96 /* Pods_doubanExample.framework */,
				33358CDB3C65D7A8ED7AAD6F /* Pods_doubanExampleTests.framework */,
			);
			name = Frameworks;
			sourceTree = "<group>";
		};
		6D1E62502192C8A6006F468A = {
			isa = PBXGroup;
			children = (
				6D1E625B2192C8A6006F468A /* doubanExample */,
				6D1E62702192C8A8006F468A /* doubanExampleTests */,
				6D1E625A2192C8A6006F468A /* Products */,
				A2BAD7AE81F2B30A16E849D7 /* Pods */,
				4E4F83AF07A0451DE1A508E3 /* Frameworks */,
			);
			sourceTree = "<group>";
		};
		6D1E625A2192C8A6006F468A /* Products */ = {
			isa = PBXGroup;
			children = (
				6D1E62592192C8A6006F468A /* doubanExample.app */,
				6D1E626D2192C8A8006F468A /* doubanExampleTests.xctest */,
			);
			name = Products;
			sourceTree = "<group>";
		};
		6D1E625B2192C8A6006F468A /* doubanExample */ = {
			isa = PBXGroup;
			children = (
				6D1E625C2192C8A6006F468A /* AppDelegate.swift */,
				6D1E625E2192C8A6006F468A /* ViewController.swift */,
				6D1E627C2192D89D006F468A /* FetchBookService.swift */,
				6D1E62602192C8A6006F468A /* Main.storyboard */,
				6D1E62632192C8A8006F468A /* Assets.xcassets */,
				6D1E62652192C8A8006F468A /* LaunchScreen.storyboard */,
				6D1E62682192C8A8006F468A /* Info.plist */,
			);
			path = doubanExample;
			sourceTree = "<group>";
		};
		6D1E62702192C8A8006F468A /* doubanExampleTests */ = {
			isa = PBXGroup;
			children = (
				6D6BEE4E21942C4000D31022 /* ViewControllerSpec.swift */,
				6D1E62732192C8A8006F468A /* Info.plist */,
			);
			path = doubanExampleTests;
			sourceTree = "<group>";
		};
		A2BAD7AE81F2B30A16E849D7 /* Pods */ = {
			isa = PBXGroup;
			children = (
				37AF3847DD4D394130DDE93E /* Pods-doubanExample.debug.xcconfig */,
				6DB9DAD294A14EC7CC7CFC87 /* Pods-doubanExample.release.xcconfig */,
				8BC6F86C58BA236B6C23C9E9 /* Pods-doubanExampleTests.debug.xcconfig */,
				56504523DCED0CC7B8576E44 /* Pods-doubanExampleTests.release.xcconfig */,
			);
			name = Pods;
			sourceTree = "<group>";
		};
/* End PBXGroup section */

/* Begin PBXNativeTarget section */
		6D1E62582192C8A6006F468A /* doubanExample */ = {
			isa = PBXNativeTarget;
			buildConfigurationList = 6D1E62762192C8A8006F468A /* Build configuration list for PBXNativeTarget "doubanExample" */;
			buildPhases = (
				5954196EB2785BCD481D7BEA /* [CP] Check Pods Manifest.lock */,
				6D1E62552192C8A6006F468A /* Sources */,
				6D1E62562192C8A6006F468A /* Frameworks */,
				6D1E62572192C8A6006F468A /* Resources */,
				7BD81AA977B3E9E744E676A1 /* [CP] Embed Pods Frameworks */,
			);
			buildRules = (
			);
			dependencies = (
			);
			name = doubanExample;
			productName = doubanExample;
			productReference = 6D1E62592192C8A6006F468A /* doubanExample.app */;
			productType = "com.apple.product-type.application";
		};
		6D1E626C2192C8A8006F468A /* doubanExampleTests */ = {
			isa = PBXNativeTarget;
			buildConfigurationList = 6D1E62792192C8A8006F468A /* Build configuration list for PBXNativeTarget "doubanExampleTests" */;
			buildPhases = (
				AB7F2FE4772AF3C483C8E04E /* [CP] Check Pods Manifest.lock */,
				6D1E62692192C8A8006F468A /* Sources */,
				6D1E626A2192C8A8006F468A /* Frameworks */,
				6D1E626B2192C8A8006F468A /* Resources */,
				A5B2A7933C609E509A5E33D4 /* [CP] Embed Pods Frameworks */,
			);
			buildRules = (
			);
			dependencies = (
				6D1E626F2192C8A8006F468A /* PBXTargetDependency */,
			);
			name = doubanExampleTests;
			productName = doubanExampleTests;
			productReference = 6D1E626D2192C8A8006F468A /* doubanExampleTests.xctest */;
			productType = "com.apple.product-type.bundle.unit-test";
		};
/* End PBXNativeTarget section */

/* Begin PBXProject section */
		6D1E62512192C8A6006F468A /* Project object */ = {
			isa = PBXProject;
			attributes = {
				LastSwiftUpdateCheck = 1000;
				LastUpgradeCheck = 1000;
				ORGANIZATIONNAME = ernie.cheng;
				TargetAttributes = {
					6D1E62582192C8A6006F468A = {
						CreatedOnToolsVersion = 10.0;
					};
					6D1E626C2192C8A8006F468A = {
						CreatedOnToolsVersion = 10.0;
						TestTargetID = 6D1E62582192C8A6006F468A;
					};
				};
			};
			buildConfigurationList = 6D1E62542192C8A6006F468A /* Build configuration list for PBXProject "doubanExample" */;
			compatibilityVersion = "Xcode 9.3";
			developmentRegion = en;
			hasScannedForEncodings = 0;
			knownRegions = (
				en,
				Base,
			);
			mainGroup = 6D1E62502192C8A6006F468A;
			productRefGroup = 6D1E625A2192C8A6006F468A /* Products */;
			projectDirPath = "";
			projectRoot = "";
			targets = (
				6D1E62582192C8A6006F468A /* doubanExample */,
				6D1E626C2192C8A8006F468A /* doubanExampleTests */,
			);
		};
/* End PBXProject section */

/* Begin PBXResourcesBuildPhase section */
		6D1E62572192C8A6006F468A /* Resources */ = {
			isa = PBXResourcesBuildPhase;
			buildActionMask = 2147483647;
			files = (
				6D1E62672192C8A8006F468A /* LaunchScreen.storyboard in Resources */,
				6D1E62642192C8A8006F468A /* Assets.xcassets in Resources */,
				6D1E62622192C8A6006F468A /* Main.storyboard in Resources */,
			);
			runOnlyForDeploymentPostprocessing = 0;
		};
		6D1E626B2192C8A8006F468A /* Resources */ = {
			isa = PBXResourcesBuildPhase;
			buildActionMask = 2147483647;
			files = (
			);
			runOnlyForDeploymentPostprocessing = 0;
		};
/* End PBXResourcesBuildPhase section */

/* Begin PBXShellScriptBuildPhase section */
		5954196EB2785BCD481D7BEA /* [CP] Check Pods Manifest.lock */ = {
			isa = PBXShellScriptBuildPhase;
			buildActionMask = 2147483647;
			files = (
			);
			inputPaths = (
				"${PODS_PODFILE_DIR_PATH}/Podfile.lock",
				"${PODS_ROOT}/Manifest.lock",
			);
			name = "[CP] Check Pods Manifest.lock";
			outputPaths = (
				"$(DERIVED_FILE_DIR)/Pods-doubanExample-checkManifestLockResult.txt",
			);
			runOnlyForDeploymentPostprocessing = 0;
			shellPath = /bin/sh;
			shellScript = "diff \"${PODS_PODFILE_DIR_PATH}/Podfile.lock\" \"${PODS_ROOT}/Manifest.lock\" > /dev/null\nif [ $? != 0 ] ; then\n    # print error to STDERR\n    echo \"error: The sandbox is not in sync with the Podfile.lock. Run 'pod install' or update your CocoaPods installation.\" >&2\n    exit 1\nfi\n# This output is used by Xcode 'outputs' to avoid re-running this script phase.\necho \"SUCCESS\" > \"${SCRIPT_OUTPUT_FILE_0}\"\n";
			showEnvVarsInLog = 0;
		};
		7BD81AA977B3E9E744E676A1 /* [CP] Embed Pods Frameworks */ = {
			isa = PBXShellScriptBuildPhase;
			buildActionMask = 2147483647;
			files = (
			);
			inputPaths = (
				"${SRCROOT}/Pods/Target Support Files/Pods-doubanExample/Pods-doubanExample-frameworks.sh",
				"${BUILT_PRODUCTS_DIR}/Alamofire/Alamofire.framework",
			);
			name = "[CP] Embed Pods Frameworks";
			outputPaths = (
				"${TARGET_BUILD_DIR}/${FRAMEWORKS_FOLDER_PATH}/Alamofire.framework",
			);
			runOnlyForDeploymentPostprocessing = 0;
			shellPath = /bin/sh;
			shellScript = "\"${SRCROOT}/Pods/Target Support Files/Pods-doubanExample/Pods-doubanExample-frameworks.sh\"\n";
			showEnvVarsInLog = 0;
		};
		A5B2A7933C609E509A5E33D4 /* [CP] Embed Pods Frameworks */ = {
			isa = PBXShellScriptBuildPhase;
			buildActionMask = 2147483647;
			files = (
			);
			inputPaths = (
				"${SRCROOT}/Pods/Target Support Files/Pods-doubanExampleTests/Pods-doubanExampleTests-frameworks.sh",
				"${BUILT_PRODUCTS_DIR}/Nimble/Nimble.framework",
				"${BUILT_PRODUCTS_DIR}/Quick/Quick.framework",
			);
			name = "[CP] Embed Pods Frameworks";
			outputPaths = (
				"${TARGET_BUILD_DIR}/${FRAMEWORKS_FOLDER_PATH}/Nimble.framework",
				"${TARGET_BUILD_DIR}/${FRAMEWORKS_FOLDER_PATH}/Quick.framework",
			);
			runOnlyForDeploymentPostprocessing = 0;
			shellPath = /bin/sh;
			shellScript = "\"${SRCROOT}/Pods/Target Support Files/Pods-doubanExampleTests/Pods-doubanExampleTests-frameworks.sh\"\n";
			showEnvVarsInLog = 0;
		};
		AB7F2FE4772AF3C483C8E04E /* [CP] Check Pods Manifest.lock */ = {
			isa = PBXShellScriptBuildPhase;
			buildActionMask = 2147483647;
			files = (
			);
			inputPaths = (
				"${PODS_PODFILE_DIR_PATH}/Podfile.lock",
				"${PODS_ROOT}/Manifest.lock",
			);
			name = "[CP] Check Pods Manifest.lock";
			outputPaths = (
				"$(DERIVED_FILE_DIR)/Pods-doubanExampleTests-checkManifestLockResult.txt",
			);
			runOnlyForDeploymentPostprocessing = 0;
			shellPath = /bin/sh;
			shellScript = "diff \"${PODS_PODFILE_DIR_PATH}/Podfile.lock\" \"${PODS_ROOT}/Manifest.lock\" > /dev/null\nif [ $? != 0 ] ; then\n    # print error to STDERR\n    echo \"error: The sandbox is not in sync with the Podfile.lock. Run 'pod install' or update your CocoaPods installation.\" >&2\n    exit 1\nfi\n# This output is used by Xcode 'outputs' to avoid re-running this script phase.\necho \"SUCCESS\" > \"${SCRIPT_OUTPUT_FILE_0}\"\n";
			showEnvVarsInLog = 0;
		};
/* End PBXShellScriptBuildPhase section */

/* Begin PBXSourcesBuildPhase section */
		6D1E62552192C8A6006F468A /* Sources */ = {
			isa = PBXSourcesBuildPhase;
			buildActionMask = 2147483647;
			files = (
				6D1E625F2192C8A6006F468A /* ViewController.swift in Sources */,
				6D1E625D2192C8A6006F468A /* AppDelegate.swift in Sources */,
				6D1E627D2192D89D006F468A /* FetchBookService.swift in Sources */,
			);
			runOnlyForDeploymentPostprocessing = 0;
		};
		6D1E62692192C8A8006F468A /* Sources */ = {
			isa = PBXSourcesBuildPhase;
			buildActionMask = 2147483647;
			files = (
				6D6BEE4F21942C4000D31022 /* ViewControllerSpec.swift in Sources */,
			);
			runOnlyForDeploymentPostprocessing = 0;
		};
/* End PBXSourcesBuildPhase section */

/* Begin PBXTargetDependency section */
		6D1E626F2192C8A8006F468A /* PBXTargetDependency */ = {
			isa = PBXTargetDependency;
			target = 6D1E62582192C8A6006F468A /* doubanExample */;
			targetProxy = 6D1E626E2192C8A8006F468A /* PBXContainerItemProxy */;
		};
/* End PBXTargetDependency section */

/* Begin PBXVariantGroup section */
		6D1E62602192C8A6006F468A /* Main.storyboard */ = {
			isa = PBXVariantGroup;
			children = (
				6D1E62612192C8A6006F468A /* Base */,
			);
			name = Main.storyboard;
			sourceTree = "<group>";
		};
		6D1E62652192C8A8006F468A /* LaunchScreen.storyboard */ = {
			isa = PBXVariantGroup;
			children = (
				6D1E62662192C8A8006F468A /* Base */,
			);
			name = LaunchScreen.storyboard;
			sourceTree = "<group>";
		};
/* End PBXVariantGroup section */

/* Begin XCBuildConfiguration section */
		6D1E62742192C8A8006F468A /* Debug */ = {
			isa = XCBuildConfiguration;
			buildSettings = {
				ALWAYS_SEARCH_USER_PATHS = NO;
				CLANG_ANALYZER_NONNULL = YES;
				CLANG_ANALYZER_NUMBER_OBJECT_CONVERSION = YES_AGGRESSIVE;
				CLANG_CXX_LANGUAGE_STANDARD = "gnu++14";
				CLANG_CXX_LIBRARY = "libc++";
				CLANG_ENABLE_MODULES = YES;
				CLANG_ENABLE_OBJC_ARC = YES;
				CLANG_ENABLE_OBJC_WEAK = YES;
				CLANG_WARN_BLOCK_CAPTURE_AUTORELEASING = YES;
				CLANG_WARN_BOOL_CONVERSION = YES;
				CLANG_WARN_COMMA = YES;
				CLANG_WARN_CONSTANT_CONVERSION = YES;
				CLANG_WARN_DEPRECATED_OBJC_IMPLEMENTATIONS = YES;
				CLANG_WARN_DIRECT_OBJC_ISA_USAGE = YES_ERROR;
				CLANG_WARN_DOCUMENTATION_COMMENTS = YES;
				CLANG_WARN_EMPTY_BODY = YES;
				CLANG_WARN_ENUM_CONVERSION = YES;
				CLANG_WARN_INFINITE_RECURSION = YES;
				CLANG_WARN_INT_CONVERSION = YES;
				CLANG_WARN_NON_LITERAL_NULL_CONVERSION = YES;
				CLANG_WARN_OBJC_IMPLICIT_RETAIN_SELF = YES;
				CLANG_WARN_OBJC_LITERAL_CONVERSION = YES;
				CLANG_WARN_OBJC_ROOT_CLASS = YES_ERROR;
				CLANG_WARN_RANGE_LOOP_ANALYSIS = YES;
				CLANG_WARN_STRICT_PROTOTYPES = YES;
				CLANG_WARN_SUSPICIOUS_MOVE = YES;
				CLANG_WARN_UNGUARDED_AVAILABILITY = YES_AGGRESSIVE;
				CLANG_WARN_UNREACHABLE_CODE = YES;
				CLANG_WARN__DUPLICATE_METHOD_MATCH = YES;
				CODE_SIGN_IDENTITY = "iPhone Developer";
				COPY_PHASE_STRIP = NO;
				DEBUG_INFORMATION_FORMAT = dwarf;
				ENABLE_STRICT_OBJC_MSGSEND = YES;
				ENABLE_TESTABILITY = YES;
				GCC_C_LANGUAGE_STANDARD = gnu11;
				GCC_DYNAMIC_NO_PIC = NO;
				GCC_NO_COMMON_BLOCKS = YES;
				GCC_OPTIMIZATION_LEVEL = 0;
				GCC_PREPROCESSOR_DEFINITIONS = (
					"DEBUG=1",
					"$(inherited)",
				);
				GCC_WARN_64_TO_32_BIT_CONVERSION = YES;
				GCC_WARN_ABOUT_RETURN_TYPE = YES_ERROR;
				GCC_WARN_UNDECLARED_SELECTOR = YES;
				GCC_WARN_UNINITIALIZED_AUTOS = YES_AGGRESSIVE;
				GCC_WARN_UNUSED_FUNCTION = YES;
				GCC_WARN_UNUSED_VARIABLE = YES;
				IPHONEOS_DEPLOYMENT_TARGET = 12.0;
				MTL_ENABLE_DEBUG_INFO = INCLUDE_SOURCE;
				MTL_FAST_MATH = YES;
				ONLY_ACTIVE_ARCH = YES;
				SDKROOT = iphoneos;
				SWIFT_ACTIVE_COMPILATION_CONDITIONS = DEBUG;
				SWIFT_OPTIMIZATION_LEVEL = "-Onone";
			};
			name = Debug;
		};
		6D1E62752192C8A8006F468A /* Release */ = {
			isa = XCBuildConfiguration;
			buildSettings = {
				ALWAYS_SEARCH_USER_PATHS = NO;
				CLANG_ANALYZER_NONNULL = YES;
				CLANG_ANALYZER_NUMBER_OBJECT_CONVERSION = YES_AGGRESSIVE;
				CLANG_CXX_LANGUAGE_STANDARD = "gnu++14";
				CLANG_CXX_LIBRARY = "libc++";
				CLANG_ENABLE_MODULES = YES;
				CLANG_ENABLE_OBJC_ARC = YES;
				CLANG_ENABLE_OBJC_WEAK = YES;
				CLANG_WARN_BLOCK_CAPTURE_AUTORELEASING = YES;
				CLANG_WARN_BOOL_CONVERSION = YES;
				CLANG_WARN_COMMA = YES;
				CLANG_WARN_CONSTANT_CONVERSION = YES;
				CLANG_WARN_DEPRECATED_OBJC_IMPLEMENTATIONS = YES;
				CLANG_WARN_DIRECT_OBJC_ISA_USAGE = YES_ERROR;
				CLANG_WARN_DOCUMENTATION_COMMENTS = YES;
				CLANG_WARN_EMPTY_BODY = YES;
				CLANG_WARN_ENUM_CONVERSION = YES;
				CLANG_WARN_INFINITE_RECURSION = YES;
				CLANG_WARN_INT_CONVERSION = YES;
				CLANG_WARN_NON_LITERAL_NULL_CONVERSION = YES;
				CLANG_WARN_OBJC_IMPLICIT_RETAIN_SELF = YES;
				CLANG_WARN_OBJC_LITERAL_CONVERSION = YES;
				CLANG_WARN_OBJC_ROOT_CLASS = YES_ERROR;
				CLANG_WARN_RANGE_LOOP_ANALYSIS = YES;
				CLANG_WARN_STRICT_PROTOTYPES = YES;
				CLANG_WARN_SUSPICIOUS_MOVE = YES;
				CLANG_WARN_UNGUARDED_AVAILABILITY = YES_AGGRESSIVE;
				CLANG_WARN_UNREACHABLE_CODE = YES;
				CLANG_WARN__DUPLICATE_METHOD_MATCH = YES;
				CODE_SIGN_IDENTITY = "iPhone Developer";
				COPY_PHASE_STRIP = NO;
				DEBUG_INFORMATION_FORMAT = "dwarf-with-dsym";
				ENABLE_NS_ASSERTIONS = NO;
				ENABLE_STRICT_OBJC_MSGSEND = YES;
				GCC_C_LANGUAGE_STANDARD = gnu11;
				GCC_NO_COMMON_BLOCKS = YES;
				GCC_WARN_64_TO_32_BIT_CONVERSION = YES;
				GCC_WARN_ABOUT_RETURN_TYPE = YES_ERROR;
				GCC_WARN_UNDECLARED_SELECTOR = YES;
				GCC_WARN_UNINITIALIZED_AUTOS = YES_AGGRESSIVE;
				GCC_WARN_UNUSED_FUNCTION = YES;
				GCC_WARN_UNUSED_VARIABLE = YES;
				IPHONEOS_DEPLOYMENT_TARGET = 12.0;
				MTL_ENABLE_DEBUG_INFO = NO;
				MTL_FAST_MATH = YES;
				SDKROOT = iphoneos;
				SWIFT_COMPILATION_MODE = wholemodule;
				SWIFT_OPTIMIZATION_LEVEL = "-O";
				VALIDATE_PRODUCT = YES;
			};
			name = Release;
		};
		6D1E62772192C8A8006F468A /* Debug */ = {
			isa = XCBuildConfiguration;
			baseConfigurationReference = 37AF3847DD4D394130DDE93E /* Pods-doubanExample.debug.xcconfig */;
			buildSettings = {
				ASSETCATALOG_COMPILER_APPICON_NAME = AppIcon;
				CODE_SIGN_STYLE = Automatic;
				INFOPLIST_FILE = doubanExample/Info.plist;
				LD_RUNPATH_SEARCH_PATHS = (
					"$(inherited)",
					"@executable_path/Frameworks",
				);
				PRODUCT_BUNDLE_IDENTIFIER = com.perficient.ernie.doubanExample;
				PRODUCT_NAME = "$(TARGET_NAME)";
				SWIFT_VERSION = 4.2;
				TARGETED_DEVICE_FAMILY = "1,2";
			};
			name = Debug;
		};
		6D1E62782192C8A8006F468A /* Release */ = {
			isa = XCBuildConfiguration;
			baseConfigurationReference = 6DB9DAD294A14EC7CC7CFC87 /* Pods-doubanExample.release.xcconfig */;
			buildSettings = {
				ASSETCATALOG_COMPILER_APPICON_NAME = AppIcon;
				CODE_SIGN_STYLE = Automatic;
				INFOPLIST_FILE = doubanExample/Info.plist;
				LD_RUNPATH_SEARCH_PATHS = (
					"$(inherited)",
					"@executable_path/Frameworks",
				);
				PRODUCT_BUNDLE_IDENTIFIER = com.perficient.ernie.doubanExample;
				PRODUCT_NAME = "$(TARGET_NAME)";
				SWIFT_VERSION = 4.2;
				TARGETED_DEVICE_FAMILY = "1,2";
			};
			name = Release;
		};
		6D1E627A2192C8A8006F468A /* Debug */ = {
			isa = XCBuildConfiguration;
			baseConfigurationReference = 8BC6F86C58BA236B6C23C9E9 /* Pods-doubanExampleTests.debug.xcconfig */;
			buildSettings = {
				ALWAYS_EMBED_SWIFT_STANDARD_LIBRARIES = YES;
				BUNDLE_LOADER = "$(TEST_HOST)";
				CODE_SIGN_STYLE = Automatic;
				INFOPLIST_FILE = doubanExampleTests/Info.plist;
				LD_RUNPATH_SEARCH_PATHS = (
					"$(inherited)",
					"@executable_path/Frameworks",
					"@loader_path/Frameworks",
				);
				PRODUCT_BUNDLE_IDENTIFIER = com.perficient.ernie.doubanExampleTests;
				PRODUCT_NAME = "$(TARGET_NAME)";
				SWIFT_VERSION = 4.2;
				TARGETED_DEVICE_FAMILY = "1,2";
				TEST_HOST = "$(BUILT_PRODUCTS_DIR)/doubanExample.app/doubanExample";
			};
			name = Debug;
		};
		6D1E627B2192C8A8006F468A /* Release */ = {
			isa = XCBuildConfiguration;
			baseConfigurationReference = 56504523DCED0CC7B8576E44 /* Pods-doubanExampleTests.release.xcconfig */;
			buildSettings = {
				ALWAYS_EMBED_SWIFT_STANDARD_LIBRARIES = YES;
				BUNDLE_LOADER = "$(TEST_HOST)";
				CODE_SIGN_STYLE = Automatic;
				INFOPLIST_FILE = doubanExampleTests/Info.plist;
				LD_RUNPATH_SEARCH_PATHS = (
					"$(inherited)",
					"@executable_path/Frameworks",
					"@loader_path/Frameworks",
				);
				PRODUCT_BUNDLE_IDENTIFIER = com.perficient.ernie.doubanExampleTests;
				PRODUCT_NAME = "$(TARGET_NAME)";
				SWIFT_VERSION = 4.2;
				TARGETED_DEVICE_FAMILY = "1,2";
				TEST_HOST = "$(BUILT_PRODUCTS_DIR)/doubanExample.app/doubanExample";
			};
			name = Release;
		};
/* End XCBuildConfiguration section */

/* Begin XCConfigurationList section */
		6D1E62542192C8A6006F468A /* Build configuration list for PBXProject "doubanExample" */ = {
			isa = XCConfigurationList;
			buildConfigurations = (
				6D1E62742192C8A8006F468A /* Debug */,
				6D1E62752192C8A8006F468A /* Release */,
			);
			defaultConfigurationIsVisible = 0;
			defaultConfigurationName = Release;
		};
		6D1E62762192C8A8006F468A /* Build configuration list for PBXNativeTarget "doubanExample" */ = {
			isa = XCConfigurationList;
			buildConfigurations = (
				6D1E62772192C8A8006F468A /* Debug */,
				6D1E62782192C8A8006F468A /* Release */,
			);
			defaultConfigurationIsVisible = 0;
			defaultConfigurationName = Release;
		};
		6D1E62792192C8A8006F468A /* Build configuration list for PBXNativeTarget "doubanExampleTests" */ = {
			isa = XCConfigurationList;
			buildConfigurations = (
				6D1E627A2192C8A8006F468A /* Debug */,
				6D1E627B2192C8A8006F468A /* Release */,
			);
			defaultConfigurationIsVisible = 0;
			defaultConfigurationName = Release;
		};
/* End XCConfigurationList section */
	};
	rootObject = 6D1E62512192C8A6006F468A /* Project object */;
}
